
Microsoft Visual Studio Solution File, Format Version 12.00
# Visual Studio Version 17
VisualStudioVersion = 17.8.34309.116
MinimumVisualStudioVersion = 10.0.40219.1
Project("{FAE04EC0-301F-11D3-BF4B-00C04F79EFBC}") = "CurrencyConverter", "WindowsFormsApp1\CurrencyConverter.csproj", "{0AF68B05-A490-4AB7-9EF2-BF0076C59126}"
EndProject
Global
	GlobalSection(SolutionConfigurationPlatforms) = preSolution
		Debug|Any CPU = Debug|Any CPU
		Release|Any CPU = Release|Any CPU
	EndGlobalSection
	GlobalSection(ProjectConfigurationPlatforms) = postSolution
		{0AF68B05-A490-4AB7-9EF2-BF0076C59126}.Debug|Any CPU.ActiveCfg = Debug|Any CPU
		{0AF68B05-A490-4AB7-9EF2-BF0076C59126}.Debug|Any CPU.Build.0 = Debug|Any CPU
		{0AF68B05-A490-4AB7-9EF2-BF0076C59126}.Release|Any CPU.ActiveCfg = Release|Any CPU
		{0AF68B05-A490-4AB7-9EF2-BF0076C59126}.Release|Any CPU.Build.0 = Release|Any CPU
	EndGlobalSection
	GlobalSection(SolutionProperties) = preSolution
		HideSolutionNode = FALSE
	EndGlobalSection
	GlobalSection(ExtensibilityGlobals) = postSolution
		SolutionGuid = {EC0B2224-3F5D-46F6-982E-5F2F06242B02}
	EndGlobalSection
EndGlobal
